
Microsoft Visual Studio Solution File, Format Version 11.00
# Visual C# Express 2010
Project("{FAE04EC0-301F-11D3-BF4B-00C04F79EFBC}") = "WordAppTest", "WordAppTest\WordAppTest.csproj", "{82032C64-B5E6-4CC8-B0F2-0772BD29A375}"
EndProject
Global
	GlobalSection(SolutionConfigurationPlatforms) = preSolution
		Debug|x86 = Debug|x86
		Release|x86 = Release|x86
	EndGlobalSection
	GlobalSection(ProjectConfigurationPlatforms) = postSolution
		{82032C64-B5E6-4CC8-B0F2-0772BD29A375}.Debug|x86.ActiveCfg = Debug|x86
		{82032C64-B5E6-4CC8-B0F2-0772BD29A375}.Debug|x86.Build.0 = Debug|x86
		{82032C64-B5E6-4CC8-B0F2-0772BD29A375}.Release|x86.ActiveCfg = Release|x86
		{82032C64-B5E6-4CC8-B0F2-0772BD29A375}.Release|x86.Build.0 = Release|x86
	EndGlobalSection
	GlobalSection(SolutionProperties) = preSolution
		HideSolutionNode = FALSE
	EndGlobalSection
EndGlobal
